
Microsoft Visual Studio Solution File, Format Version 12.00
# Visual Studio 15
VisualStudioVersion = 15.0.26403.7
MinimumVisualStudioVersion = 10.0.40219.1
Project("{FAE04EC0-301F-11D3-BF4B-00C04F79EFBC}") = "ChartSite.Web", "ChartSite\ChartSite.Web.csproj", "{74E920C2-537A-4CE7-AA87-CD731BBF554F}"
EndProject
Project("{FAE04EC0-301F-11D3-BF4B-00C04F79EFBC}") = "ChartSite.Data", "ChartSite.Data\ChartSite.Data.csproj", "{FDD6EC21-4A85-42D6-B880-DF9545FE3A93}"
EndProject
Project("{2150E333-8FDC-42A3-9474-1A3956D46DE8}") = "Code", "Code", "{E5C2CABA-FBD2-4F2F-87D8-9D986F696E4E}"
EndProject
Project("{2150E333-8FDC-42A3-9474-1A3956D46DE8}") = "Docs", "Docs", "{3BFEC1D7-CD69-4707-B0CB-74B9424878A7}"
	ProjectSection(SolutionItems) = preProject
		docs\linq-cheatsheet.pdf = docs\linq-cheatsheet.pdf
		Readme.md = Readme.md
	EndProjectSection
EndProject
Global
	GlobalSection(SolutionConfigurationPlatforms) = preSolution
		Debug|Any CPU = Debug|Any CPU
		Release|Any CPU = Release|Any CPU
	EndGlobalSection
	GlobalSection(ProjectConfigurationPlatforms) = postSolution
		{74E920C2-537A-4CE7-AA87-CD731BBF554F}.Debug|Any CPU.ActiveCfg = Debug|Any CPU
		{74E920C2-537A-4CE7-AA87-CD731BBF554F}.Debug|Any CPU.Build.0 = Debug|Any CPU
		{74E920C2-537A-4CE7-AA87-CD731BBF554F}.Release|Any CPU.ActiveCfg = Release|Any CPU
		{74E920C2-537A-4CE7-AA87-CD731BBF554F}.Release|Any CPU.Build.0 = Release|Any CPU
		{FDD6EC21-4A85-42D6-B880-DF9545FE3A93}.Debug|Any CPU.ActiveCfg = Debug|Any CPU
		{FDD6EC21-4A85-42D6-B880-DF9545FE3A93}.Debug|Any CPU.Build.0 = Debug|Any CPU
		{FDD6EC21-4A85-42D6-B880-DF9545FE3A93}.Release|Any CPU.ActiveCfg = Release|Any CPU
		{FDD6EC21-4A85-42D6-B880-DF9545FE3A93}.Release|Any CPU.Build.0 = Release|Any CPU
	EndGlobalSection
	GlobalSection(SolutionProperties) = preSolution
		HideSolutionNode = FALSE
	EndGlobalSection
	GlobalSection(NestedProjects) = preSolution
		{74E920C2-537A-4CE7-AA87-CD731BBF554F} = {E5C2CABA-FBD2-4F2F-87D8-9D986F696E4E}
		{FDD6EC21-4A85-42D6-B880-DF9545FE3A93} = {E5C2CABA-FBD2-4F2F-87D8-9D986F696E4E}
	EndGlobalSection
EndGlobal
